
Microsoft Visual Studio Solution File, Format Version 12.00
# Visual Studio Version 16
VisualStudioVersion = 16.0.29613.14
MinimumVisualStudioVersion = 10.0.40219.1
Project("{9A19103F-16F7-4668-BE54-9A1E7A4F7556}") = "Sample", "Sample\Sample.csproj", "{2AE4167B-50A5-4ED5-A155-8DFE98EC4E67}"
EndProject
Project("{FAE04EC0-301F-11D3-BF4B-00C04F79EFBC}") = "NamedResolver", "NamedResolver\NamedResolver.csproj", "{C3154A95-EDA9-43BF-A445-7219AF1DE23C}"
EndProject
Project("{FAE04EC0-301F-11D3-BF4B-00C04F79EFBC}") = "NamedResolver.Tests", "Tests\NamedResolver.Tests\NamedResolver.Tests.csproj", "{56F79C9A-C260-4ACF-A439-B5469C501198}"
EndProject
Global
	GlobalSection(SolutionConfigurationPlatforms) = preSolution
		Debug|Any CPU = Debug|Any CPU
		Release|Any CPU = Release|Any CPU
	EndGlobalSection
	GlobalSection(ProjectConfigurationPlatforms) = postSolution
		{2AE4167B-50A5-4ED5-A155-8DFE98EC4E67}.Debug|Any CPU.ActiveCfg = Debug|Any CPU
		{2AE4167B-50A5-4ED5-A155-8DFE98EC4E67}.Debug|Any CPU.Build.0 = Debug|Any CPU
		{2AE4167B-50A5-4ED5-A155-8DFE98EC4E67}.Release|Any CPU.ActiveCfg = Release|Any CPU
		{2AE4167B-50A5-4ED5-A155-8DFE98EC4E67}.Release|Any CPU.Build.0 = Release|Any CPU
		{C3154A95-EDA9-43BF-A445-7219AF1DE23C}.Debug|Any CPU.ActiveCfg = Debug|Any CPU
		{C3154A95-EDA9-43BF-A445-7219AF1DE23C}.Debug|Any CPU.Build.0 = Debug|Any CPU
		{C3154A95-EDA9-43BF-A445-7219AF1DE23C}.Release|Any CPU.ActiveCfg = Release|Any CPU
		{C3154A95-EDA9-43BF-A445-7219AF1DE23C}.Release|Any CPU.Build.0 = Release|Any CPU
		{56F79C9A-C260-4ACF-A439-B5469C501198}.Debug|Any CPU.ActiveCfg = Debug|Any CPU
		{56F79C9A-C260-4ACF-A439-B5469C501198}.Debug|Any CPU.Build.0 = Debug|Any CPU
		{56F79C9A-C260-4ACF-A439-B5469C501198}.Release|Any CPU.ActiveCfg = Release|Any CPU
		{56F79C9A-C260-4ACF-A439-B5469C501198}.Release|Any CPU.Build.0 = Release|Any CPU
	EndGlobalSection
	GlobalSection(SolutionProperties) = preSolution
		HideSolutionNode = FALSE
	EndGlobalSection
	GlobalSection(ExtensibilityGlobals) = postSolution
		SolutionGuid = {F1AD7C9F-FB43-406E-B7B0-818B73B0181F}
	EndGlobalSection
EndGlobal
