
Microsoft Visual Studio Solution File, Format Version 12.00
# Visual Studio Version 16
VisualStudioVersion = 16.0.29613.14
MinimumVisualStudioVersion = 10.0.40219.1
Project("{9A19103F-16F7-4668-BE54-9A1E7A4F7556}") = "Sample", "Sample.csproj", "{58631987-C96F-46A6-8D7E-03AD5AE20751}"
EndProject
Global
	GlobalSection(SolutionConfigurationPlatforms) = preSolution
		Debug|Any CPU = Debug|Any CPU
		Release|Any CPU = Release|Any CPU
	EndGlobalSection
	GlobalSection(ProjectConfigurationPlatforms) = postSolution
		{58631987-C96F-46A6-8D7E-03AD5AE20751}.Debug|Any CPU.ActiveCfg = Debug|Any CPU
		{58631987-C96F-46A6-8D7E-03AD5AE20751}.Debug|Any CPU.Build.0 = Debug|Any CPU
		{58631987-C96F-46A6-8D7E-03AD5AE20751}.Release|Any CPU.ActiveCfg = Release|Any CPU
		{58631987-C96F-46A6-8D7E-03AD5AE20751}.Release|Any CPU.Build.0 = Release|Any CPU
	EndGlobalSection
	GlobalSection(SolutionProperties) = preSolution
		HideSolutionNode = FALSE
	EndGlobalSection
	GlobalSection(ExtensibilityGlobals) = postSolution
		SolutionGuid = {149C07DE-A4CB-40F3-BEA1-137FD19F8EF3}
	EndGlobalSection
EndGlobal
